Microsoft Visual Studio Solution File, Format Version 12.00
# Visual Studio 2012
Project("{FAE04EC0-301F-11D3-BF4B-00C04F79EFBC}") = "LOTE", "LOTE.csproj", "{4EE0A173-1EC0-4DF2-838D-8195373F3364}"
EndProject
Global
	GlobalSection(SolutionConfigurationPlatforms) = preSolution
	Debug|Any CPU = Debug|Any CPU
	ExportDebug|Any CPU = ExportDebug|Any CPU
	ExportRelease|Any CPU = ExportRelease|Any CPU
	EndGlobalSection
	GlobalSection(ProjectConfigurationPlatforms) = postSolution
		{4EE0A173-1EC0-4DF2-838D-8195373F3364}.Debug|Any CPU.ActiveCfg = Debug|Any CPU
		{4EE0A173-1EC0-4DF2-838D-8195373F3364}.Debug|Any CPU.Build.0 = Debug|Any CPU
		{4EE0A173-1EC0-4DF2-838D-8195373F3364}.ExportDebug|Any CPU.ActiveCfg = ExportDebug|Any CPU
		{4EE0A173-1EC0-4DF2-838D-8195373F3364}.ExportDebug|Any CPU.Build.0 = ExportDebug|Any CPU
		{4EE0A173-1EC0-4DF2-838D-8195373F3364}.ExportRelease|Any CPU.ActiveCfg = ExportRelease|Any CPU
		{4EE0A173-1EC0-4DF2-838D-8195373F3364}.ExportRelease|Any CPU.Build.0 = ExportRelease|Any CPU
	EndGlobalSection
EndGlobal
